# This file is automatically @generated by Poetry 2.1.2 and should not be changed by hand.

[[package]]
name = "clickhouse-driver"
version = "0.2.9"
description = "Python driver with native interface for ClickHouse"
optional = false
python-versions = "<4,>=3.7"
groups = ["main"]
files = [
    {file = "clickhouse-driver-0.2.9.tar.gz", hash = "sha256:050ea4870ead993910b39e7fae965dc1c347b2e8191dcd977cd4b385f9e19f87"},
    {file = "clickhouse_driver-0.2.9-cp310-cp310-macosx_10_9_x86_64.whl", hash = "sha256:6ce04e9d0d0f39561f312d1ac1a8147bc9206e4267e1a23e20e0423ebac95534"},
    {file = "clickhouse_driver-0.2.9-cp310-cp310-macosx_11_0_arm64.whl", hash = "sha256:7ae5c8931bf290b9d85582e7955b9aad7f19ff9954e48caa4f9a180ea4d01078"},
    {file = "clickhouse_driver-0.2.9-cp310-cp310-manylinux_2_17_aarch64.manylinux2014_aarch64.whl", hash = "sha256:3e51792f3bd12c32cb15a907f12de3c9d264843f0bb33dce400e3966c9f09a3f"},
    {file = "clickhouse_driver-0.2.9-cp310-cp310-manylinux_2_17_ppc64le.manylinux2014_ppc64le.whl", hash = "sha256:42fc546c31e4a04c97b749769335a679c9044dc693fa7a93e38c97fd6727173d"},
    {file = "clickhouse_driver-0.2.9-cp310-cp310-manylinux_2_17_s390x.manylinux2014_s390x.whl", hash = "sha256:6a383a403d185185c64e49edd6a19b2ec973c5adcb8ebff7ed2fc539a2cc65a5"},
    {file = "clickhouse_driver-0.2.9-cp310-cp310-manylinux_2_17_x86_64.manylinux2014_x86_64.whl", hash = "sha256:f05321a97e816afc75b3e4f9eda989848fecf14ecf1a91d0f22c04258123d1f7"},
    {file = "clickhouse_driver-0.2.9-cp310-cp310-manylinux_2_5_i686.manylinux1_i686.manylinux_2_17_i686.manylinux2014_i686.whl", hash = "sha256:be47e793846aac28442b6b1c6554e0731b848a5a7759a54aa2489997354efe4a"},
    {file = "clickhouse_driver-0.2.9-cp310-cp310-musllinux_1_1_aarch64.whl", hash = "sha256:780e42a215d1ae2f6d695d74dd6f087781fb2fa51c508b58f79e68c24c5364e0"},
    {file = "clickhouse_driver-0.2.9-cp310-cp310-musllinux_1_1_i686.whl", hash = "sha256:9e28f1fe850675e173db586e9f1ac790e8f7edd507a4227cd54cd7445f8e75b6"},
    {file = "clickhouse_driver-0.2.9-cp310-cp310-musllinux_1_1_ppc64le.whl", hash = "sha256:125aae7f1308d3083dadbb3c78f828ae492e060f13e4007a0cf53a8169ed7b39"},
    {file = "clickhouse_driver-0.2.9-cp310-cp310-musllinux_1_1_s390x.whl", hash = "sha256:2f3c4fbb61e75c62a1ab93a1070d362de4cb5682f82833b2c12deccb3bae888d"},
    {file = "clickhouse_driver-0.2.9-cp310-cp310-musllinux_1_1_x86_64.whl", hash = "sha256:0dc03196a84e32d23b88b665be69afae98f57426f5fdf203e16715b756757961"},
    {file = "clickhouse_driver-0.2.9-cp310-cp310-win32.whl", hash = "sha256:25695d78a1d7ad6e221e800612eac08559f6182bf6dee0a220d08de7b612d993"},
    {file = "clickhouse_driver-0.2.9-cp310-cp310-win_amd64.whl", hash = "sha256:367acac95398d721a0a2a6cf87e93638c5588b79498a9848676ce7f182540a6c"},
    {file = "clickhouse_driver-0.2.9-cp311-cp311-macosx_10_9_x86_64.whl", hash = "sha256:5a7353a7a08eee3aa0001d8a5d771cb1f37e2acae1b48178002431f23892121a"},
    {file = "clickhouse_driver-0.2.9-cp311-cp311-macosx_11_0_arm64.whl", hash = "sha256:6af1c6cbc3481205503ab72a34aa76d6519249c904aa3f7a84b31e7b435555be"},
    {file = "clickhouse_driver-0.2.9-cp311-cp311-manylinux_2_17_aarch64.manylinux2014_aarch64.whl", hash = "sha256:48033803abd1100bfff6b9a1769d831b672cd3cda5147e0323b956fd1416d38d"},
    {file = "clickhouse_driver-0.2.9-cp311-cp311-manylinux_2_17_ppc64le.manylinux2014_ppc64le.whl", hash = "sha256:1f202a58a540c85e47c31dabc8f84b6fe79dca5315c866450a538d58d6fa0571"},
    {file = "clickhouse_driver-0.2.9-cp311-cp311-manylinux_2_17_s390x.manylinux2014_s390x.whl", hash = "sha256:e4df50fd84bfa4aa1eb7b52d48136066bfb64fabb7ceb62d4c318b45a296200b"},
    {file = "clickhouse_driver-0.2.9-cp311-cp311-manylinux_2_17_x86_64.manylinux2014_x86_64.whl", hash = "sha256:433a650571a0d7766eb6f402e8f5930222997686c2ee01ded22f1d8fd46af9d4"},
    {file = "clickhouse_driver-0.2.9-cp311-cp311-manylinux_2_5_i686.manylinux1_i686.manylinux_2_17_i686.manylinux2014_i686.whl", hash = "sha256:232ee260475611cbf7adb554b81db6b5790b36e634fe2164f4ffcd2ca3e63a71"},
    {file = "clickhouse_driver-0.2.9-cp311-cp311-musllinux_1_1_aarch64.whl", hash = "sha256:09049f7e71f15c9c9a03f597f77fc1f7b61ababd155c06c0d9e64d1453d945d7"},
    {file = "clickhouse_driver-0.2.9-cp311-cp311-musllinux_1_1_i686.whl", hash = "sha256:424153d1d5f5a807f596a48cc88119f9fb3213ca7e38f57b8d15dcc964dd91f7"},
    {file = "clickhouse_driver-0.2.9-cp311-cp311-musllinux_1_1_ppc64le.whl", hash = "sha256:4f078fd1cf19c4ca63b8d1e0803df665310c8d5b644c5b02bf2465e8d6ef8f55"},
    {file = "clickhouse_driver-0.2.9-cp311-cp311-musllinux_1_1_s390x.whl", hash = "sha256:f138d939e26e767537f891170b69a55a88038919f5c10d8865b67b8777fe4848"},
    {file = "clickhouse_driver-0.2.9-cp311-cp311-musllinux_1_1_x86_64.whl", hash = "sha256:9aafabc7e32942f85dcb46f007f447ab69024831575df97cae28c6ed127654d1"},
    {file = "clickhouse_driver-0.2.9-cp311-cp311-win32.whl", hash = "sha256:935e16ebf1a1998d8493979d858821a755503c9b8af572d9c450173d4b88868c"},
    {file = "clickhouse_driver-0.2.9-cp311-cp311-win_amd64.whl", hash = "sha256:306b3102cba278b5dfec6f5f7dc8b78416c403901510475c74913345b56c9e42"},
    {file = "clickhouse_driver-0.2.9-cp312-cp312-macosx_10_9_x86_64.whl", hash = "sha256:fcb2fd00e58650ae206a6d5dbc83117240e622471aa5124733fbf2805eb8bda0"},
    {file = "clickhouse_driver-0.2.9-cp312-cp312-macosx_11_0_arm64.whl", hash = "sha256:b7a3e6b0a1eb218e3d870a94c76daaf65da46dca8f6888ea6542f94905c24d88"},
    {file = "clickhouse_driver-0.2.9-cp312-cp312-manylinux_2_17_aarch64.manylinux2014_aarch64.whl", hash = "sha256:4a8d8e2888a857d8db3d98765a5ad23ab561241feaef68bbffc5a0bd9c142342"},
    {file = "clickhouse_driver-0.2.9-cp312-cp312-manylinux_2_17_ppc64le.manylinux2014_ppc64le.whl", hash = "sha256:85d50c011467f5ff6772c4059345968b854b72e07a0219030b7c3f68419eb7f7"},
    {file = "clickhouse_driver-0.2.9-cp312-cp312-manylinux_2_17_s390x.manylinux2014_s390x.whl", hash = "sha256:93b395c1370629ccce8fb3e14cd5be2646d227bd32018c21f753c543e9a7e96b"},
    {file = "clickhouse_driver-0.2.9-cp312-cp312-manylinux_2_17_x86_64.manylinux2014_x86_64.whl", hash = "sha256:6dbcee870c60d9835e5dce1456ab6b9d807e6669246357f4b321ef747b90fa43"},
    {file = "clickhouse_driver-0.2.9-cp312-cp312-manylinux_2_5_i686.manylinux1_i686.manylinux_2_17_i686.manylinux2014_i686.whl", hash = "sha256:fffa5a5f317b1ec92e406a30a008929054cf3164d2324a3c465d0a0330273bf8"},
    {file = "clickhouse_driver-0.2.9-cp312-cp312-musllinux_1_1_aarch64.whl", hash = "sha256:476702740a279744badbd177ae1c4a2d089ec128bd676861219d1f92078e4530"},
    {file = "clickhouse_driver-0.2.9-cp312-cp312-musllinux_1_1_i686.whl", hash = "sha256:5cd6d95fab5ff80e9dc9baedc9a926f62f74072d42d5804388d63b63bec0bb63"},
    {file = "clickhouse_driver-0.2.9-cp312-cp312-musllinux_1_1_ppc64le.whl", hash = "sha256:05027d32d7cf3e46cb8d04f8c984745ae01bd1bc7b3579f9dadf9b3cca735697"},
    {file = "clickhouse_driver-0.2.9-cp312-cp312-musllinux_1_1_s390x.whl", hash = "sha256:3d11831842250b4c1b26503a6e9c511fc03db096608b7c6af743818c421a3032"},
    {file = "clickhouse_driver-0.2.9-cp312-cp312-musllinux_1_1_x86_64.whl", hash = "sha256:81b4b671b785ebb0b8aeabf2432e47072413d81db959eb8cfd8b6ab58c5799c6"},
    {file = "clickhouse_driver-0.2.9-cp312-cp312-win32.whl", hash = "sha256:e893bd4e014877174a59e032b0e99809c95ec61328a0e6bd9352c74a2f6111a8"},
    {file = "clickhouse_driver-0.2.9-cp312-cp312-win_amd64.whl", hash = "sha256:de6624e28eeffd01668803d28ae89e3d4e359b1bff8b60e4933e1cb3c6f86f18"},
    {file = "clickhouse_driver-0.2.9-cp37-cp37m-macosx_10_9_x86_64.whl", hash = "sha256:909205324089a9ee59bee7ecbfa94595435118cca310fd62efdf13f225aa2965"},
    {file = "clickhouse_driver-0.2.9-cp37-cp37m-manylinux_2_17_aarch64.manylinux2014_aarch64.whl", hash = "sha256:03f31d6e47dc2b0f367f598f5629147ed056d7216c1788e25190fcfbfa02e749"},
    {file = "clickhouse_driver-0.2.9-cp37-cp37m-manylinux_2_17_ppc64le.manylinux2014_ppc64le.whl", hash = "sha256:ed84179914b2b7bb434c2322a6e7fd83daa681c97a050450511b66d917a129bb"},
    {file = "clickhouse_driver-0.2.9-cp37-cp37m-manylinux_2_17_s390x.manylinux2014_s390x.whl", hash = "sha256:67d1bf63efb4ba14ae6c6da99622e4a549e68fc3ee14d859bf611d8e6a61b3fa"},
    {file = "clickhouse_driver-0.2.9-cp37-cp37m-manylinux_2_17_x86_64.manylinux2014_x86_64.whl", hash = "sha256:9eed23ea41dd582d76f7a2ec7e09cbe5e9fec008f11a4799fa35ce44a3ebd283"},
    {file = "clickhouse_driver-0.2.9-cp37-cp37m-manylinux_2_5_i686.manylinux1_i686.manylinux_2_17_i686.manylinux2014_i686.whl", hash = "sha256:a654291132766efa2703058317749d7c69b69f02d89bac75703eaf7f775e20da"},
    {file = "clickhouse_driver-0.2.9-cp37-cp37m-musllinux_1_1_aarch64.whl", hash = "sha256:1c26c5ef16d0ef3cabc5bc03e827e01b0a4afb5b4eaf8850b7cf740cee04a1d4"},
    {file = "clickhouse_driver-0.2.9-cp37-cp37m-musllinux_1_1_i686.whl", hash = "sha256:b57e83d7986d3cbda6096974a9510eb53cb33ad9072288c87c820ba5eee3370e"},
    {file = "clickhouse_driver-0.2.9-cp37-cp37m-musllinux_1_1_ppc64le.whl", hash = "sha256:153cc03b36f22cbde55aa6a5bbe99072a025567a54c48b262eb0da15d8cd7c83"},
    {file = "clickhouse_driver-0.2.9-cp37-cp37m-musllinux_1_1_s390x.whl", hash = "sha256:83a857d99192936091f495826ae97497cd1873af213b1e069d56369fb182ab8e"},
    {file = "clickhouse_driver-0.2.9-cp37-cp37m-musllinux_1_1_x86_64.whl", hash = "sha256:bb05a9bb22cbe9ad187ad268f86adf7e60df6083331fe59c01571b7b725212dd"},
    {file = "clickhouse_driver-0.2.9-cp37-cp37m-win32.whl", hash = "sha256:3e282c5c25e32d96ed151e5460d2bf4ecb805ea64449197dd918e84e768016df"},
    {file = "clickhouse_driver-0.2.9-cp37-cp37m-win_amd64.whl", hash = "sha256:c46dccfb04a9afd61a1b0e60bfefceff917f76da2c863f9b36b39248496d5c77"},
    {file = "clickhouse_driver-0.2.9-cp38-cp38-macosx_10_9_x86_64.whl", hash = "sha256:612ca9028c718f362c97f552e63d313cf1a70a616ef8532ddb0effdaf12ebef9"},
    {file = "clickhouse_driver-0.2.9-cp38-cp38-macosx_11_0_arm64.whl", hash = "sha256:471b884d318e012f68d858476052742048918854f7dfe87d78e819f87a848ffb"},
    {file = "clickhouse_driver-0.2.9-cp38-cp38-manylinux_2_17_aarch64.manylinux2014_aarch64.whl", hash = "sha256:58ee63c35e99da887eb035c8d6d9e64fd298a0efc1460395297dd5cc281a6912"},
    {file = "clickhouse_driver-0.2.9-cp38-cp38-manylinux_2_17_ppc64le.manylinux2014_ppc64le.whl", hash = "sha256:0819bb63d2c5025a1fb9589f57ef82602687cef11081d6dfa6f2ce44606a1772"},
    {file = "clickhouse_driver-0.2.9-cp38-cp38-manylinux_2_17_s390x.manylinux2014_s390x.whl", hash = "sha256:f6680ee18870bca1fbab1736c8203a965efaec119ab4c37821ad99add248ee08"},
    {file = "clickhouse_driver-0.2.9-cp38-cp38-manylinux_2_17_x86_64.manylinux2014_x86_64.whl", hash = "sha256:713c498741b54debd3a10a5529e70b6ed85ca33c3e8629e24ae5cd8160b5a5f2"},
    {file = "clickhouse_driver-0.2.9-cp38-cp38-manylinux_2_5_i686.manylinux1_i686.manylinux_2_17_i686.manylinux2014_i686.whl", hash = "sha256:730837b8f63941065c9c955c44286aef0987fb084ffb3f55bf1e4fe07df62269"},
    {file = "clickhouse_driver-0.2.9-cp38-cp38-musllinux_1_1_aarch64.whl", hash = "sha256:9f4e38b2ea09214c8e7848a19391009a18c56a3640e1ba1a606b9e57aeb63404"},
    {file = "clickhouse_driver-0.2.9-cp38-cp38-musllinux_1_1_i686.whl", hash = "sha256:457f1d6639e0345b717ae603c79bd087a35361ce68c1c308d154b80b841e5e7d"},
    {file = "clickhouse_driver-0.2.9-cp38-cp38-musllinux_1_1_ppc64le.whl", hash = "sha256:49a55aeb8ea625a87965a96e361bbb1ad67d0931bfb2a575f899c1064e70c2da"},
    {file = "clickhouse_driver-0.2.9-cp38-cp38-musllinux_1_1_s390x.whl", hash = "sha256:9230058d8c9b1a04079afae4650fb67745f0f1c39db335728f64d48bd2c19246"},
    {file = "clickhouse_driver-0.2.9-cp38-cp38-musllinux_1_1_x86_64.whl", hash = "sha256:8798258bd556542dd9c6b8ebe62f9c5110c9dcdf97c57fb077e7b8b6d6da0826"},
    {file = "clickhouse_driver-0.2.9-cp38-cp38-win32.whl", hash = "sha256:ce8e3f4be46bcc63555863f70ab0035202b082b37e6f16876ef50e7bc4b47056"},
    {file = "clickhouse_driver-0.2.9-cp38-cp38-win_amd64.whl", hash = "sha256:2d982959ff628255808d895a67493f2dab0c3a9bfc65eeda0f00c8ae9962a1b3"},
    {file = "clickhouse_driver-0.2.9-cp39-cp39-macosx_10_9_x86_64.whl", hash = "sha256:a46b227fab4420566ed24ee70d90076226d16fcf09c6ad4d428717efcf536446"},
    {file = "clickhouse_driver-0.2.9-cp39-cp39-macosx_11_0_arm64.whl", hash = "sha256:7eaa2ce5ea08cf5fddebb8c274c450e102f329f9e6966b6cd85aa671c48e5552"},
    {file = "clickhouse_driver-0.2.9-cp39-cp39-manylinux_2_17_aarch64.manylinux2014_aarch64.whl", hash = "sha256:f97f0083194d6e23b5ef6156ed0d5388c37847b298118199d7937ba26412a9e2"},
    {file = "clickhouse_driver-0.2.9-cp39-cp39-manylinux_2_17_ppc64le.manylinux2014_ppc64le.whl", hash = "sha256:a6cab5cdbb0f8ee51d879d977b78f07068b585225ac656f3c081896c362e8f83"},
    {file = "clickhouse_driver-0.2.9-cp39-cp39-manylinux_2_17_s390x.manylinux2014_s390x.whl", hash = "sha256:cdb1b011a53ee71539e9dc655f268b111bac484db300da92829ed59e910a8fd0"},
    {file = "clickhouse_driver-0.2.9-cp39-cp39-manylinux_2_17_x86_64.manylinux2014_x86_64.whl", hash = "sha256:7bf51bb761b281d20910b4b689c699ef98027845467daa5bb5dfdb53bd6ee404"},
    {file = "clickhouse_driver-0.2.9-cp39-cp39-manylinux_2_5_i686.manylinux1_i686.manylinux_2_17_i686.manylinux2014_i686.whl", hash = "sha256:b8ea462e3cebb121ff55002e9c8a9a0a3fd9b5bbbf688b4960f0a83c0172fb31"},
    {file = "clickhouse_driver-0.2.9-cp39-cp39-musllinux_1_1_aarch64.whl", hash = "sha256:70bee21c245226ad0d637bf470472e2d487b86911b6d673a862127b934336ff4"},
    {file = "clickhouse_driver-0.2.9-cp39-cp39-musllinux_1_1_i686.whl", hash = "sha256:253a3c223b944d691bf0abbd599f592ea3b36f0a71d2526833b1718f37eca5c2"},
    {file = "clickhouse_driver-0.2.9-cp39-cp39-musllinux_1_1_ppc64le.whl", hash = "sha256:a6549b53fc5c403dc556cb39b2ae94d73f9b113daa00438a660bb1dd5380ae4d"},
    {file = "clickhouse_driver-0.2.9-cp39-cp39-musllinux_1_1_s390x.whl", hash = "sha256:1c685cd4abe61af1c26279ff04b9f567eb4d6c1ec7fb265af7481b1f153043aa"},
    {file = "clickhouse_driver-0.2.9-cp39-cp39-musllinux_1_1_x86_64.whl", hash = "sha256:7e25144219577491929d032a6c3ddd63c6cd7fa764af829a5637f798190d9b26"},
    {file = "clickhouse_driver-0.2.9-cp39-cp39-win32.whl", hash = "sha256:0b9925610d25405a8e6d83ff4f54fc2456a121adb0155999972f5edd6ba3efc8"},
    {file = "clickhouse_driver-0.2.9-cp39-cp39-win_amd64.whl", hash = "sha256:b243de483cfa02716053b0148d73558f4694f3c27b97fc1eaa97d7079563a14d"},
    {file = "clickhouse_driver-0.2.9-pp310-pypy310_pp73-macosx_10_9_x86_64.whl", hash = "sha256:45a3d5b1d06750fd6a18c29b871494a2635670099ec7693e756a5885a4a70dbf"},
    {file = "clickhouse_driver-0.2.9-pp310-pypy310_pp73-manylinux_2_17_aarch64.manylinux2014_aarch64.whl", hash = "sha256:8415ffebd6ca9eef3024763abc450f8659f1716d015bd563c537d01c7fbc3569"},
    {file = "clickhouse_driver-0.2.9-pp310-pypy310_pp73-manylinux_2_17_x86_64.manylinux2014_x86_64.whl", hash = "sha256:ace48db993aa4bd31c42de0fa8d38c94ad47405916d6b61f7a7168a48fb52ac1"},
    {file = "clickhouse_driver-0.2.9-pp310-pypy310_pp73-manylinux_2_5_i686.manylinux1_i686.manylinux_2_17_i686.manylinux2014_i686.whl", hash = "sha256:b07123334fe143bfe6fa4e3d4b732d647d5fd2cfb9ec7f2f76104b46fe9d20c6"},
    {file = "clickhouse_driver-0.2.9-pp310-pypy310_pp73-win_amd64.whl", hash = "sha256:e2af3efa73d296420ce6362789f5b1febf75d4aa159a479393f01549115509d5"},
    {file = "clickhouse_driver-0.2.9-pp37-pypy37_pp73-macosx_10_9_x86_64.whl", hash = "sha256:baf57eede88d07a1eb04352d26fc58a4d97991ca3d8840f7c5d48691dec9f251"},
    {file = "clickhouse_driver-0.2.9-pp37-pypy37_pp73-manylinux_2_17_aarch64.manylinux2014_aarch64.whl", hash = "sha256:275d0ccdab9c3571bdb3e9acfab4497930aa584ff2766b035bb2f854deaf8b82"},
    {file = "clickhouse_driver-0.2.9-pp37-pypy37_pp73-manylinux_2_17_x86_64.manylinux2014_x86_64.whl", hash = "sha256:293da77bfcac3168fb35b27c242f97c1a05502435c0686ecbb8e2e4abcb3de26"},
    {file = "clickhouse_driver-0.2.9-pp37-pypy37_pp73-manylinux_2_5_i686.manylinux1_i686.manylinux_2_17_i686.manylinux2014_i686.whl", hash = "sha256:8d6c2e5830705e4eeef33070ca4d5a24dfa221f28f2f540e5e6842c26e70b10b"},
    {file = "clickhouse_driver-0.2.9-pp37-pypy37_pp73-win_amd64.whl", hash = "sha256:11934bd78d97dd7e1a23a6222b5edd1e1b4d34e1ead5c846dc2b5c56fdc35ff5"},
    {file = "clickhouse_driver-0.2.9-pp38-pypy38_pp73-macosx_10_9_x86_64.whl", hash = "sha256:b802b6f0fbdcc3ab81b87f09b694dde91ab049f44d1d2c08c3dc8ea9a5950cfa"},
    {file = "clickhouse_driver-0.2.9-pp38-pypy38_pp73-manylinux_2_17_aarch64.manylinux2014_aarch64.whl", hash = "sha256:7af871c5315eb829ecf4533c790461ea8f73b3bfd5f533b0467e479fdf6ddcfd"},
    {file = "clickhouse_driver-0.2.9-pp38-pypy38_pp73-manylinux_2_17_x86_64.manylinux2014_x86_64.whl", hash = "sha256:9d577dd4867b9e26cf60590e1f500990c8701a6e3cfbb9e644f4d0c0fb607028"},
    {file = "clickhouse_driver-0.2.9-pp38-pypy38_pp73-manylinux_2_5_i686.manylinux1_i686.manylinux_2_17_i686.manylinux2014_i686.whl", hash = "sha256:2ed3dea2d1eca85fef5b8564ddd76dedb15a610c77d55d555b49d9f7c896b64b"},
    {file = "clickhouse_driver-0.2.9-pp38-pypy38_pp73-win_amd64.whl", hash = "sha256:91ec96f2c48e5bdeac9eea43a9bc9cc19acb2d2c59df0a13d5520dfc32457605"},
    {file = "clickhouse_driver-0.2.9-pp39-pypy39_pp73-macosx_10_9_x86_64.whl", hash = "sha256:7667ab423452754f36ba8fb41e006a46baace9c94e2aca2a745689b9f2753dfb"},
    {file = "clickhouse_driver-0.2.9-pp39-pypy39_pp73-manylinux_2_17_aarch64.manylinux2014_aarch64.whl", hash = "sha256:653583b1f3b088d106f180d6f02c90917ecd669ec956b62903a05df4a7f44863"},
    {file = "clickhouse_driver-0.2.9-pp39-pypy39_pp73-manylinux_2_17_x86_64.manylinux2014_x86_64.whl", hash = "sha256:7ef3dd0cbdf2f0171caab90389af0ede068ec802bf46c6a77f14e6edc86671bc"},
    {file = "clickhouse_driver-0.2.9-pp39-pypy39_pp73-manylinux_2_5_i686.manylinux1_i686.manylinux_2_17_i686.manylinux2014_i686.whl", hash = "sha256:11b1833ee8ff8d5df39a34a895e060b57bd81e05ea68822bc60476daff4ce1c8"},
    {file = "clickhouse_driver-0.2.9-pp39-pypy39_pp73-win_amd64.whl", hash = "sha256:8a3195639e6393b9d4aafe736036881ff86b6be5855d4bf7d9f5c31637181ec3"},
]

[package.dependencies]
pytz = "*"
tzlocal = "*"

[package.extras]
lz4 = ["clickhouse-cityhash (>=1.0.2.1)", "lz4 (<=3.0.1) ; implementation_name == \"pypy\"", "lz4 ; implementation_name != \"pypy\""]
numpy = ["numpy (>=1.12.0)", "pandas (>=0.24.0)"]
zstd = ["clickhouse-cityhash (>=1.0.2.1)", "zstd"]

[[package]]
name = "colorama"
version = "0.4.6"
description = "Cross-platform colored terminal text."
optional = false
python-versions = "!=3.0.*,!=3.1.*,!=3.2.*,!=3.3.*,!=3.4.*,!=3.5.*,!=3.6.*,>=2.7"
groups = ["main"]
markers = "platform_system == \"Windows\""
files = [
    {file = "colorama-0.4.6-py2.py3-none-any.whl", hash = "sha256:4f1d9991f5acc0ca119f9d443620b77f9d6b33703e51011c16baf57afb285fc6"},
    {file = "colorama-0.4.6.tar.gz", hash = "sha256:08695f5cb7ed6e0531a20572697297273c47b8cae5a63ffc6d6ed5c201be6e44"},
]

[[package]]
name = "faker"
version = "37.3.0"
description = "Faker is a Python package that generates fake data for you."
optional = false
python-versions = ">=3.9"
groups = ["main"]
files = [
    {file = "faker-37.3.0-py3-none-any.whl", hash = "sha256:48c94daa16a432f2d2bc803c7ff602509699fca228d13e97e379cd860a7e216e"},
    {file = "faker-37.3.0.tar.gz", hash = "sha256:77b79e7a2228d57175133af0bbcdd26dc623df81db390ee52f5104d46c010f2f"},
]

[package.dependencies]
tzdata = "*"

[[package]]
name = "python-dateutil"
version = "2.9.0.post0"
description = "Extensions to the standard Python datetime module"
optional = false
python-versions = "!=3.0.*,!=3.1.*,!=3.2.*,>=2.7"
groups = ["main"]
files = [
    {file = "python-dateutil-2.9.0.post0.tar.gz", hash = "sha256:37dd54208da7e1cd875388217d5e00ebd4179249f90fb72437e91a35459a0ad3"},
    {file = "python_dateutil-2.9.0.post0-py2.py3-none-any.whl", hash = "sha256:a8b2bc7bffae282281c8140a97d3aa9c14da0b136dfe83f850eea9a5f7470427"},
]

[package.dependencies]
six = ">=1.5"

[[package]]
name = "pytz"
version = "2025.2"
description = "World timezone definitions, modern and historical"
optional = false
python-versions = "*"
groups = ["main"]
files = [
    {file = "pytz-2025.2-py2.py3-none-any.whl", hash = "sha256:5ddf76296dd8c44c26eb8f4b6f35488f3ccbf6fbbd7adee0b7262d43f0ec2f00"},
    {file = "pytz-2025.2.tar.gz", hash = "sha256:360b9e3dbb49a209c21ad61809c7fb453643e048b38924c765813546746e81c3"},
]

[[package]]
name = "six"
version = "1.17.0"
description = "Python 2 and 3 compatibility utilities"
optional = false
python-versions = "!=3.0.*,!=3.1.*,!=3.2.*,>=2.7"
groups = ["main"]
files = [
    {file = "six-1.17.0-py2.py3-none-any.whl", hash = "sha256:4721f391ed90541fddacab5acf947aa0d3dc7d27b2e1e8eda2be8970586c3274"},
    {file = "six-1.17.0.tar.gz", hash = "sha256:ff70335d468e7eb6ec65b95b99d3a2836546063f63acc5171de367e834932a81"},
]

[[package]]
name = "tqdm"
version = "4.67.1"
description = "Fast, Extensible Progress Meter"
optional = false
python-versions = ">=3.7"
groups = ["main"]
files = [
    {file = "tqdm-4.67.1-py3-none-any.whl", hash = "sha256:26445eca388f82e72884e0d580d5464cd801a3ea01e63e5601bdff9ba6a48de2"},
    {file = "tqdm-4.67.1.tar.gz", hash = "sha256:f8aef9c52c08c13a65f30ea34f4e5aac3fd1a34959879d7e59e63027286627f2"},
]

[package.dependencies]
colorama = {version = "*", markers = "platform_system == \"Windows\""}

[package.extras]
dev = ["nbval", "pytest (>=6)", "pytest-asyncio (>=0.24)", "pytest-cov", "pytest-timeout"]
discord = ["requests"]
notebook = ["ipywidgets (>=6)"]
slack = ["slack-sdk"]
telegram = ["requests"]

[[package]]
name = "tzdata"
version = "2025.2"
description = "Provider of IANA time zone data"
optional = false
python-versions = ">=2"
groups = ["main"]
files = [
    {file = "tzdata-2025.2-py2.py3-none-any.whl", hash = "sha256:1a403fada01ff9221ca8044d701868fa132215d84beb92242d9acd2147f667a8"},
    {file = "tzdata-2025.2.tar.gz", hash = "sha256:b60a638fcc0daffadf82fe0f57e53d06bdec2f36c4df66280ae79bce6bd6f2b9"},
]

[[package]]
name = "tzlocal"
version = "5.3.1"
description = "tzinfo object for the local timezone"
optional = false
python-versions = ">=3.9"
groups = ["main"]
files = [
    {file = "tzlocal-5.3.1-py3-none-any.whl", hash = "sha256:eb1a66c3ef5847adf7a834f1be0800581b683b5608e74f86ecbcef8ab91bb85d"},
    {file = "tzlocal-5.3.1.tar.gz", hash = "sha256:cceffc7edecefea1f595541dbd6e990cb1ea3d19bf01b2809f362a03dd7921fd"},
]

[package.dependencies]
tzdata = {version = "*", markers = "platform_system == \"Windows\""}

[package.extras]
devenv = ["check-manifest", "pytest (>=4.3)", "pytest-cov", "pytest-mock (>=3.3)", "zest.releaser"]

[[package]]
name = "vertica-python"
version = "1.4.0"
description = "Official native Python client for the Vertica database."
optional = false
python-versions = ">=3.7"
groups = ["main"]
files = [
    {file = "vertica-python-1.4.0.tar.gz", hash = "sha256:542078ae2fedee694adedb04d81c6edc277b87ed7440302942107d86a0bcd445"},
    {file = "vertica_python-1.4.0-py3-none-any.whl", hash = "sha256:50fecd7687f4b0b9f6dee6e2b35c195af2a4f702ece01bd12e080b51756e000b"},
]

[package.dependencies]
python-dateutil = ">=1.5"
six = ">=1.10.0"

[metadata]
lock-version = "2.1"
python-versions = ">=3.12,<4"
content-hash = "811cce938418d206c86cc6c15aef4c810407e024eea06450c6c004a700aadeeb"
